{
  "name": "s3-cli",
  "version": "0.13.0",
  "lockfileVersion": 3,
  "requires": true,
  "packages": {
    "": {
      "name": "s3-cli",
      "version": "0.13.0",
      "license": "MIT",
      "dependencies": {
        "human-size": "~1.1.0",
        "ini": "~4.1.1",
        "minimist": "~1.2.8",
        "osenv": "~0.1.5",
        "s3": "~4.4.0"
      },
      "bin": {
        "s3-cli": "cli.js"
      }
    },
    "node_modules/aws-sdk": {
      "version": "2.0.31",
      "resolved": "https://registry.npmjs.org/aws-sdk/-/aws-sdk-2.0.31.tgz",
      "integrity": "sha512-rgmExM3/LjhI95PfjwDs1hks/RYrQ/V3qLybFCzBqr8Y3Hz9Qq3jp+WR1BaWhUckgoVJs/ZE4VSvMKZeNwuFoA==",
      "dependencies": {
        "xml2js": "0.2.6",
        "xmlbuilder": "0.4.2"
      },
      "engines": {
        "node": ">= 0.8.0"
      }
    },
    "node_modules/fd-slicer": {
      "version": "1.0.1",
      "resolved": "https://registry.npmjs.org/fd-slicer/-/fd-slicer-1.0.1.tgz",
      "integrity": "sha512-MX1ZLPIuKED51hrI4++K+1B0VX87Cs4EkybD2q12Ysuf5p4vkmHqMvQJRlDwROqFr4D2Pzyit5wGQxf30grIcw==",
      "dependencies": {
        "pend": "~1.2.0"
      }
    },
    "node_modules/findit2": {
      "version": "2.2.3",
      "resolved": "https://registry.npmjs.org/findit2/-/findit2-2.2.3.tgz",
      "integrity": "sha512-lg/Moejf4qXovVutL0Lz4IsaPoNYMuxt4PA0nGqFxnJ1CTTGGlEO2wKgoDpwknhvZ8k4Q2F+eesgkLbG2Mxfog==",
      "engines": {
        "node": ">=0.8.22"
      }
    },
    "node_modules/human-size": {
      "version": "1.1.0",
      "resolved": "https://registry.npmjs.org/human-size/-/human-size-1.1.0.tgz",
      "integrity": "sha512-87GIsh59t9qL2939KBKmnT/EfcFk1suakkHoTjHsdnXB/JEU0ibz+9HRiwMueGVhKuRGby6bOtQHd+mIt4BIAQ=="
    },
    "node_modules/ini": {
      "version": "4.1.1",
      "resolved": "https://registry.npmjs.org/ini/-/ini-4.1.1.tgz",
      "integrity": "sha512-QQnnxNyfvmHFIsj7gkPcYymR8Jdw/o7mp5ZFihxn6h8Ci6fh3Dx4E1gPjpQEpIuPo9XVNY/ZUwh4BPMjGyL01g==",
      "engines": {
        "node": "^14.17.0 || ^16.13.0 || >=18.0.0"
      }
    },
    "node_modules/mime": {
      "version": "1.2.11",
      "resolved": "https://registry.npmjs.org/mime/-/mime-1.2.11.tgz",
      "integrity": "sha512-Ysa2F/nqTNGHhhm9MV8ure4+Hc+Y8AWiqUdHxsO7xu8zc92ND9f3kpALHjaP026Ft17UfxrMt95c50PLUeynBw=="
    },
    "node_modules/minimist": {
      "version": "1.2.8",
      "resolved": "https://registry.npmjs.org/minimist/-/minimist-1.2.8.tgz",
      "integrity": "sha512-2yyAR8qBkN3YuheJanUpWC5U3bb5osDywNB8RzDVlDwDHbocAJveqqj1u8+SVD7jkWT4yvsHCpWqqWqAxb0zCA==",
      "funding": {
        "url": "https://github.com/sponsors/ljharb"
      }
    },
    "node_modules/mkdirp": {
      "version": "0.5.6",
      "resolved": "https://registry.npmjs.org/mkdirp/-/mkdirp-0.5.6.tgz",
      "integrity": "sha512-FP+p8RB8OWpF3YZBCrP5gtADmtXApB5AMLn+vdyA+PyxCjrCs00mjyUozssO33cwDeT3wNGdLxJ5M//YqtHAJw==",
      "dependencies": {
        "minimist": "^1.2.6"
      },
      "bin": {
        "mkdirp": "bin/cmd.js"
      }
    },
    "node_modules/os-homedir": {
      "version": "1.0.2",
      "resolved": "https://registry.npmjs.org/os-homedir/-/os-homedir-1.0.2.tgz",
      "integrity": "sha512-B5JU3cabzk8c67mRRd3ECmROafjYMXbuzlwtqdM8IbS8ktlTix8aFGb2bAGKrSRIlnfKwovGUUr72JUPyOb6kQ==",
      "engines": {
        "node": ">=0.10.0"
      }
    },
    "node_modules/os-tmpdir": {
      "version": "1.0.2",
      "resolved": "https://registry.npmjs.org/os-tmpdir/-/os-tmpdir-1.0.2.tgz",
      "integrity": "sha512-D2FR03Vir7FIu45XBY20mTb+/ZSWB00sjU9jdQXt83gDrI4Ztz5Fs7/yy74g2N5SVQY4xY1qDr4rNddwYRVX0g==",
      "engines": {
        "node": ">=0.10.0"
      }
    },
    "node_modules/osenv": {
      "version": "0.1.5",
      "resolved": "https://registry.npmjs.org/osenv/-/osenv-0.1.5.tgz",
      "integrity": "sha512-0CWcCECdMVc2Rw3U5w9ZjqX6ga6ubk1xDVKxtBQPK7wis/0F2r9T6k4ydGYhecl7YUBxBVxhL5oisPsNxAPe2g==",
      "dependencies": {
        "os-homedir": "^1.0.0",
        "os-tmpdir": "^1.0.0"
      }
    },
    "node_modules/pend": {
      "version": "1.2.0",
      "resolved": "https://registry.npmjs.org/pend/-/pend-1.2.0.tgz",
      "integrity": "sha512-F3asv42UuXchdzt+xXqfW1OGlVBe+mxa2mqI0pg5yAHZPvFmY3Y6drSf/GQ1A86WgWEN9Kzh/WrgKa6iGcHXLg=="
    },
    "node_modules/rimraf": {
      "version": "2.2.8",
      "resolved": "https://registry.npmjs.org/rimraf/-/rimraf-2.2.8.tgz",
      "integrity": "sha512-R5KMKHnPAQaZMqLOsyuyUmcIjSeDm+73eoqQpaXA7AZ22BL+6C+1mcUscgOsNd8WVlJuvlgAPsegcx7pjlV0Dg==",
      "bin": {
        "rimraf": "bin.js"
      }
    },
    "node_modules/s3": {
      "version": "4.4.0",
      "resolved": "https://registry.npmjs.org/s3/-/s3-4.4.0.tgz",
      "integrity": "sha512-6dF5TENLScyHkqu6O5AH5wuZX1kzcEUoQXFfmzb/gyV+rh+aPkNwl4uGoy+GvD984q0DumfE+TX93airqyUfWw==",
      "dependencies": {
        "aws-sdk": "~2.0.31",
        "fd-slicer": "~1.0.0",
        "findit2": "~2.2.3",
        "graceful-fs": "~4.2.11",
        "mime": "~1.2.11",
        "mkdirp": "~0.5.0",
        "pend": "~1.2.0",
        "rimraf": "~2.2.8",
        "streamsink": "~1.2.0"
      },
      "engines": {
        "node": ">=0.10.20"
      }
    },
    "node_modules/s3/node_modules/graceful-fs": {
      "version": "4.2.11",
      "resolved": "https://registry.npmjs.org/graceful-fs/-/graceful-fs-4.2.11.tgz",
      "integrity": "sha512-RbJ5/jmFcNNCcDV5o9eTnBLJ/HszWV0P73bc+Ff4nS/rJj+YaS6IGyiOL0VoBYX+l1Wrl3k63h/KrH+nhJ0XvQ=="
    },
    "node_modules/sax": {
      "version": "0.4.2",
      "resolved": "https://registry.npmjs.org/sax/-/sax-0.4.2.tgz",
      "integrity": "sha512-6Zsl4gnHjiTQfrOzsWdc0bHJepF5KJAVuM5fcyEJrqGyszkx2c55IclWP4D692rJrl1w0tExhbvYKjKNZl5wHg=="
    },
    "node_modules/streamsink": {
      "version": "1.2.0",
      "resolved": "https://registry.npmjs.org/streamsink/-/streamsink-1.2.0.tgz",
      "integrity": "sha512-MJ440L2+j2vmc1v8Z/BkMx3X+HsJ++V7mgDROboQKxqCLZdNbu+AeSwQbayXw3LPHVAMxw+h7ZJUnyFYl/zp2g=="
    },
    "node_modules/xml2js": {
      "version": "0.2.6",
      "resolved": "https://registry.npmjs.org/xml2js/-/xml2js-0.2.6.tgz",
      "integrity": "sha512-h+Nzgo0eLwideldZGqSquNtrsuX5zcDREImBa1GSNw9QljlXiFcM3E1kWjLprRjJe2jRuvnVk0j3WgQo9Deoog==",
      "dependencies": {
        "sax": "0.4.2"
      }
    },
    "node_modules/xmlbuilder": {
      "version": "0.4.2",
      "resolved": "https://registry.npmjs.org/xmlbuilder/-/xmlbuilder-0.4.2.tgz",
      "integrity": "sha512-h/+ncQQSU/iYycmI2wTN25t7RYN7O2oq9uvI+2+UObi4KcmQh/jUS4N31g5vJttQt7MODsnmBtbcll3YbNyvfw==",
      "engines": {
        "node": ">=0.2.0"
      }
    }
  }
}
